lockVersion: 2.0.0
id: d537cf58-4bab-4ec0-b45e-8bb7030012cc
management:
  docChecksum: bd32215591e3a4d83fe2c9a136049547
  docVersion: 1.0.0
  speakeasyVersion: internal
  generationVersion: 2.228.1
  releaseVersion: 3.1.2
  configChecksum: 157421291708904cf1e0181abfb2d7f8
  repoURL: https://github.com/speakeasy-sdks/spost-python.git
  repoSubDirectory: .
  installationURL: https://github.com/speakeasy-sdks/spost-python.git
  published: true
features:
  python:
    core: 4.4.1
    globalServerURLs: 2.82.1
generatedFiles:
  - src/sendpost/sdkconfiguration.py
  - src/sendpost/subaccount_email.py
  - src/sendpost/sdk.py
  - pylintrc
  - setup.py
  - src/sendpost/__init__.py
  - src/sendpost/utils/__init__.py
  - src/sendpost/utils/retries.py
  - src/sendpost/utils/utils.py
  - src/sendpost/models/errors/sdkerror.py
  - tests/helpers.py
  - src/sendpost/models/operations/emailrouter_send_email.py
  - src/sendpost/models/operations/emailrouter_send_email_with_template.py
  - src/sendpost/models/shared/models_emailresponse.py
  - src/sendpost/models/shared/models_emailerrorcode.py
  - src/sendpost/models/shared/models_emailmessage.py
  - src/sendpost/models/shared/models_to.py
  - src/sendpost/models/shared/models_copyto.py
  - src/sendpost/models/shared/models_replyto.py
  - src/sendpost/models/shared/models_from.py
  - src/sendpost/models/shared/models_attachment.py
  - src/sendpost/models/__init__.py
  - src/sendpost/models/errors/__init__.py
  - src/sendpost/models/operations/__init__.py
  - src/sendpost/models/shared/__init__.py
  - docs/models/operations/emailroutersendemailrequest.md
  - docs/models/operations/emailroutersendemailresponse.md
  - docs/models/operations/emailroutersendemailwithtemplaterequest.md
  - docs/models/operations/emailroutersendemailwithtemplateresponse.md
  - docs/models/shared/modelsemailresponse.md
  - docs/models/shared/modelsemailerrorcode.md
  - docs/models/shared/groups.md
  - docs/models/shared/headers.md
  - docs/models/shared/modelsemailmessage.md
  - docs/models/shared/modelstocustomfields.md
  - docs/models/shared/modelsto.md
  - docs/models/shared/customfields.md
  - docs/models/shared/modelscopyto.md
  - docs/models/shared/modelsreplyto.md
  - docs/models/shared/modelsfrom.md
  - docs/models/shared/modelsattachment.md
  - docs/sdks/sendpost/README.md
  - docs/sdks/subaccountemail/README.md
  - USAGE.md
  - .gitattributes
